# THIS IS AN AUTOGENERATED FILE. DO NOT EDIT THIS FILE DIRECTLY.
# yarn lockfile v1


one-time@0.0.4:
  version "0.0.4"
  resolved "https://registry.yarnpkg.com/one-time/-/one-time-0.0.4.tgz#f8cdf77884826fe4dff93e3a9cc37b1e4480742e"

say@^0.15.0:
  version "0.15.0"
  resolved "https://registry.yarnpkg.com/say/-/say-0.15.0.tgz#ca0d7b88a06cfc485aaa82287b263c31a0d33e75"
  dependencies:
    one-time "0.0.4"
